
Microsoft Visual Studio Solution File, Format Version 12.00
# Visual Studio Version 16
VisualStudioVersion = 16.0.30523.141
MinimumVisualStudioVersion = 10.0.40219.1
Project("{FAE04EC0-301F-11D3-BF4B-00C04F79EFBC}") = "Games", "Games\Games.csproj", "{CBD0DB3F-C630-4449-986D-834C91C4031B}"
EndProject
Global
	GlobalSection(SolutionConfigurationPlatforms) = preSolution
		Debug|Any CPU = Debug|Any CPU
		Release|Any CPU = Release|Any CPU
	EndGlobalSection
	GlobalSection(ProjectConfigurationPlatforms) = postSolution
		{CBD0DB3F-C630-4449-986D-834C91C4031B}.Debug|Any CPU.ActiveCfg = Debug|Any CPU
		{CBD0DB3F-C630-4449-986D-834C91C4031B}.Debug|Any CPU.Build.0 = Debug|Any CPU
		{CBD0DB3F-C630-4449-986D-834C91C4031B}.Release|Any CPU.ActiveCfg = Release|Any CPU
		{CBD0DB3F-C630-4449-986D-834C91C4031B}.Release|Any CPU.Build.0 = Release|Any CPU
	EndGlobalSection
	GlobalSection(SolutionProperties) = preSolution
		HideSolutionNode = FALSE
	EndGlobalSection
	GlobalSection(ExtensibilityGlobals) = postSolution
		SolutionGuid = {AB212AD4-E4CA-481C-AB42-4CD954A8E08C}
	EndGlobalSection
EndGlobal
